{
  "name": "@web-atoms/ts2cs",
  "version": "1.0.2",
  "lockfileVersion": 1,
  "requires": true,
  "dependencies": {
    "@web-atoms/core": {
      "version": "1.1.115",
      "resolved": "https://registry.npmjs.org/@web-atoms/core/-/core-1.1.115.tgz",
      "integrity": "sha512-Uo75CqD6/4g9z9nQwdTP2z8JQR/dNcCthdKJRHtY1vcrgMRrSGPfs0sA3iEo1d8tMNxLObAbukS/M3h8ufm+vQ==",
      "requires": {
        "@web-atoms/date-time": "^1.0.23",
        "reflect-metadata": "^0.1.13"
      }
    },
    "@web-atoms/date-time": {
      "version": "1.0.23",
      "resolved": "https://registry.npmjs.org/@web-atoms/date-time/-/date-time-1.0.23.tgz",
      "integrity": "sha512-VEcfBoxArgFl7y2jKrU3pB57Ikzg1Xq7H3vJAhLhfTuMfO+/dOf8BdYKUhY5vhEclsBULe139a1ctxI/yLryyQ=="
    },
    "@web-atoms/module-loader": {
      "version": "1.0.408",
      "resolved": "https://registry.npmjs.org/@web-atoms/module-loader/-/module-loader-1.0.408.tgz",
      "integrity": "sha512-wL0l23vBmRqcs59DLqvz0HTxhcNWIi8ckonGjB25l5fD560PyUm74Zg5eYM7AwSJncf3+a5Xn3pvKpwbE2wtnA=="
    },
    "@web-atoms/web-controls": {
      "version": "1.1.22",
      "resolved": "https://registry.npmjs.org/@web-atoms/web-controls/-/web-controls-1.1.22.tgz",
      "integrity": "sha512-VMPjjHQYhc3iR320CaDpqx7PcK7poTgjcQid1xSQUYtWNwCMnaiXDpbSN12Ree+yOtYGts93qs7HjPY+rhz9dg==",
      "requires": {
        "@web-atoms/core": "^1.0.998",
        "@web-atoms/date-time": "^1.0.21",
        "@web-atoms/module-loader": "^1.0.377",
        "reflect-metadata": "^0.1.13"
      }
    },
    "reflect-metadata": {
      "version": "0.1.13",
      "resolved": "https://registry.npmjs.org/reflect-metadata/-/reflect-metadata-0.1.13.tgz",
      "integrity": "sha512-Ts1Y/anZELhSsjMcU605fU9RE4Oi3p5ORujwbIKXfWa+0Zxs510Qrmrce5/Jowq3cHSZSJqBjypxmHarc+vEWg=="
    },
    "typescript": {
      "version": "3.8.3",
      "resolved": "https://registry.npmjs.org/typescript/-/typescript-3.8.3.tgz",
      "integrity": "sha512-MYlEfn5VrLNsgudQTVJeNaQFUAI7DkhnOjdpAp4T+ku1TfQClewlbSuTVHiA+8skNBgaf02TL/kLOvig4y3G8w=="
    }
  }
}
